// !$*UTF8*$!
{
	archiveVersion = 1;
	classes = {
	};
	objectVersion = 50;
	objects = {

/* Begin PBXBuildFile section */
		09BD7DA225271DBD007330E5 /* AppDelegate.m in Sources */ = {isa = PBXBuildFile; fileRef = 09BD7DA125271DBD007330E5 /* AppDelegate.m */; };
		09BD7DA425271DBF007330E5 /* Assets.xcassets in Resources */ = {isa = PBXBuildFile; fileRef = 09BD7DA325271DBF007330E5 /* Assets.xcassets */; };
		09BD7DA725271DBF007330E5 /* MainMenu.xib in Resources */ = {isa = PBXBuildFile; fileRef = 09BD7DA525271DBF007330E5 /* MainMenu.xib */; };
		09BD7DAA25271DBF007330E5 /* main.m in Sources */ = {isa = PBXBuildFile; fileRef = 09BD7DA925271DBF007330E5 /* main.m */; };
		09BD7DB425271DEF007330E5 /* JLMaterialLayer.m in Sources */ = {isa = PBXBuildFile; fileRef = 09BD7DB325271DEF007330E5 /* JLMaterialLayer.m */; };
/* End PBXBuildFile section */

/* Begin PBXFileReference section */
		09BD7D9D25271DBD007330E5 /* JLMaterialLayerDemo.app */ = {isa = PBXFileReference; explicitFileType = wrapper.application; includeInIndex = 0; path = JLMaterialLayerDemo.app; sourceTree = BUILT_PRODUCTS_DIR; };
		09BD7DA025271DBD007330E5 /* AppDelegate.h */ = {isa = PBXFileReference; lastKnownFileType = sourcecode.c.h; path = AppDelegate.h; sourceTree = "<group>"; };
		09BD7DA125271DBD007330E5 /* AppDelegate.m */ = {isa = PBXFileReference; lastKnownFileType = sourcecode.c.objc; path = AppDelegate.m; sourceTree = "<group>"; };
		09BD7DA325271DBF007330E5 /* Assets.xcassets */ = {isa = PBXFileReference; lastKnownFileType = folder.assetcatalog; path = Assets.xcassets; sourceTree = "<group>"; };
		09BD7DA625271DBF007330E5 /* Base */ = {isa = PBXFileReference; lastKnownFileType = file.xib; name = Base; path = Base.lproj/MainMenu.xib; sourceTree = "<group>"; };
		09BD7DA825271DBF007330E5 /* Info.plist */ = {isa = PBXFileReference; lastKnownFileType = text.plist.xml; path = Info.plist; sourceTree = "<group>"; };
		09BD7DA925271DBF007330E5 /* main.m */ = {isa = PBXFileReference; lastKnownFileType = sourcecode.c.objc; path = main.m; sourceTree = "<group>"; };
		09BD7DAB25271DBF007330E5 /* JLMaterialLayerDemo.entitlements */ = {isa = PBXFileReference; lastKnownFileType = text.plist.entitlements; path = JLMaterialLayerDemo.entitlements; sourceTree = "<group>"; };
		09BD7DB225271DEF007330E5 /* JLMaterialLayer.h */ = {isa = PBXFileReference; fileEncoding = 4; lastKnownFileType = sourcecode.c.h; path = JLMaterialLayer.h; sourceTree = "<group>"; };
		09BD7DB325271DEF007330E5 /* JLMaterialLayer.m */ = {isa = PBXFileReference; fileEncoding = 4; lastKnownFileType = sourcecode.c.objc; path = JLMaterialLayer.m; sourceTree = "<group>"; };
/* End PBXFileReference section */

/* Begin PBXFrameworksBuildPhase section */
		09BD7D9A25271DBD007330E5 /* Frameworks */ = {
			isa = PBXFrameworksBuildPhase;
			buildActionMask = 2147483647;
			files = (
			);
			runOnlyForDeploymentPostprocessing = 0;
		};
/* End PBXFrameworksBuildPhase section */

/* Begin PBXGroup section */
		09BD7D9425271DBD007330E5 = {
			isa = PBXGroup;
			children = (
				09BD7D9F25271DBD007330E5 /* JLMaterialLayerDemo */,
				09BD7D9E25271DBD007330E5 /* Products */,
			);
			sourceTree = "<group>";
		};
		09BD7D9E25271DBD007330E5 /* Products */ = {
			isa = PBXGroup;
			children = (
				09BD7D9D25271DBD007330E5 /* JLMaterialLayerDemo.app */,
			);
			name = Products;
			sourceTree = "<group>";
		};
		09BD7D9F25271DBD007330E5 /* JLMaterialLayerDemo */ = {
			isa = PBXGroup;
			children = (
				09BD7DA025271DBD007330E5 /* AppDelegate.h */,
				09BD7DA125271DBD007330E5 /* AppDelegate.m */,
				09BD7DB225271DEF007330E5 /* JLMaterialLayer.h */,
				09BD7DB325271DEF007330E5 /* JLMaterialLayer.m */,
				09BD7DA325271DBF007330E5 /* Assets.xcassets */,
				09BD7DA525271DBF007330E5 /* MainMenu.xib */,
				09BD7DA825271DBF007330E5 /* Info.plist */,
				09BD7DA925271DBF007330E5 /* main.m */,
				09BD7DAB25271DBF007330E5 /* JLMaterialLayerDemo.entitlements */,
			);
			path = JLMaterialLayerDemo;
			sourceTree = "<group>";
		};
/* End PBXGroup section */

/* Begin PBXNativeTarget section */
		09BD7D9C25271DBD007330E5 /* JLMaterialLayerDemo */ = {
			isa = PBXNativeTarget;
			buildConfigurationList = 09BD7DAE25271DBF007330E5 /* Build configuration list for PBXNativeTarget "JLMaterialLayerDemo" */;
			buildPhases = (
				09BD7D9925271DBD007330E5 /* Sources */,
				09BD7D9A25271DBD007330E5 /* Frameworks */,
				09BD7D9B25271DBD007330E5 /* Resources */,
			);
			buildRules = (
			);
			dependencies = (
			);
			name = JLMaterialLayerDemo;
			productName = JLMaterialLayerDemo;
			productReference = 09BD7D9D25271DBD007330E5 /* JLMaterialLayerDemo.app */;
			productType = "com.apple.product-type.application";
		};
/* End PBXNativeTarget section */

/* Begin PBXProject section */
		09BD7D9525271DBD007330E5 /* Project object */ = {
			isa = PBXProject;
			attributes = {
				LastUpgradeCheck = 1220;
				TargetAttributes = {
					09BD7D9C25271DBD007330E5 = {
						CreatedOnToolsVersion = 12.2;
					};
				};
			};
			buildConfigurationList = 09BD7D9825271DBD007330E5 /* Build configuration list for PBXProject "JLMaterialLayerDemo" */;
			compatibilityVersion = "Xcode 9.3";
			developmentRegion = en;
			hasScannedForEncodings = 0;
			knownRegions = (
				en,
				Base,
			);
			mainGroup = 09BD7D9425271DBD007330E5;
			productRefGroup = 09BD7D9E25271DBD007330E5 /* Products */;
			projectDirPath = "";
			projectRoot = "";
			targets = (
				09BD7D9C25271DBD007330E5 /* JLMaterialLayerDemo */,
			);
		};
/* End PBXProject section */

/* Begin PBXResourcesBuildPhase section */
		09BD7D9B25271DBD007330E5 /* Resources */ = {
			isa = PBXResourcesBuildPhase;
			buildActionMask = 2147483647;
			files = (
				09BD7DA425271DBF007330E5 /* Assets.xcassets in Resources */,
				09BD7DA725271DBF007330E5 /* MainMenu.xib in Resources */,
			);
			runOnlyForDeploymentPostprocessing = 0;
		};
/* End PBXResourcesBuildPhase section */

/* Begin PBXSourcesBuildPhase section */
		09BD7D9925271DBD007330E5 /* Sources */ = {
			isa = PBXSourcesBuildPhase;
			buildActionMask = 2147483647;
			files = (
				09BD7DAA25271DBF007330E5 /* main.m in Sources */,
				09BD7DA225271DBD007330E5 /* AppDelegate.m in Sources */,
				09BD7DB425271DEF007330E5 /* JLMaterialLayer.m in Sources */,
			);
			runOnlyForDeploymentPostprocessing = 0;
		};
/* End PBXSourcesBuildPhase section */

/* Begin PBXVariantGroup section */
		09BD7DA525271DBF007330E5 /* MainMenu.xib */ = {
			isa = PBXVariantGroup;
			children = (
				09BD7DA625271DBF007330E5 /* Base */,
			);
			name = MainMenu.xib;
			sourceTree = "<group>";
		};
/* End PBXVariantGroup section */

/* Begin XCBuildConfiguration section */
		09BD7DAC25271DBF007330E5 /* Debug */ = {
			isa = XCBuildConfiguration;
			buildSettings = {
				ALWAYS_SEARCH_USER_PATHS = NO;
				CLANG_ANALYZER_NONNULL = YES;
				CLANG_ANALYZER_NUMBER_OBJECT_CONVERSION = YES_AGGRESSIVE;
				CLANG_CXX_LANGUAGE_STANDARD = "gnu++14";
				CLANG_CXX_LIBRARY = "libc++";
				CLANG_ENABLE_MODULES = YES;
				CLANG_ENABLE_OBJC_ARC = YES;
				CLANG_ENABLE_OBJC_WEAK = YES;
				CLANG_WARN_BLOCK_CAPTURE_AUTORELEASING = YES;
				CLANG_WARN_BOOL_CONVERSION = YES;
				CLANG_WARN_COMMA = YES;
				CLANG_WARN_CONSTANT_CONVERSION = YES;
				CLANG_WARN_DEPRECATED_OBJC_IMPLEMENTATIONS = YES;
				CLANG_WARN_DIRECT_OBJC_ISA_USAGE = YES_ERROR;
				CLANG_WARN_DOCUMENTATION_COMMENTS = YES;
				CLANG_WARN_EMPTY_BODY = YES;
				CLANG_WARN_ENUM_CONVERSION = YES;
				CLANG_WARN_INFINITE_RECURSION = YES;
				CLANG_WARN_INT_CONVERSION = YES;
				CLANG_WARN_NON_LITERAL_NULL_CONVERSION = YES;
				CLANG_WARN_OBJC_IMPLICIT_RETAIN_SELF = YES;
				CLANG_WARN_OBJC_LITERAL_CONVERSION = YES;
				CLANG_WARN_OBJC_ROOT_CLASS = YES_ERROR;
				CLANG_WARN_QUOTED_INCLUDE_IN_FRAMEWORK_HEADER = YES;
				CLANG_WARN_RANGE_LOOP_ANALYSIS = YES;
				CLANG_WARN_STRICT_PROTOTYPES = YES;
				CLANG_WARN_SUSPICIOUS_MOVE = YES;
				CLANG_WARN_UNGUARDED_AVAILABILITY = YES_AGGRESSIVE;
				CLANG_WARN_UNREACHABLE_CODE = YES;
				CLANG_WARN__DUPLICATE_METHOD_MATCH = YES;
				COPY_PHASE_STRIP = NO;
				DEBUG_INFORMATION_FORMAT = dwarf;
				ENABLE_STRICT_OBJC_MSGSEND = YES;
				ENABLE_TESTABILITY = YES;
				GCC_C_LANGUAGE_STANDARD = gnu11;
				GCC_DYNAMIC_NO_PIC = NO;
				GCC_NO_COMMON_BLOCKS = YES;
				GCC_OPTIMIZATION_LEVEL = 0;
				GCC_PREPROCESSOR_DEFINITIONS = (
					"DEBUG=1",
					"$(inherited)",
				);
				GCC_WARN_64_TO_32_BIT_CONVERSION = YES;
				GCC_WARN_ABOUT_RETURN_TYPE = YES_ERROR;
				GCC_WARN_UNDECLARED_SELECTOR = YES;
				GCC_WARN_UNINITIALIZED_AUTOS = YES_AGGRESSIVE;
				GCC_WARN_UNUSED_FUNCTION = YES;
				GCC_WARN_UNUSED_VARIABLE = YES;
				MACOSX_DEPLOYMENT_TARGET = 11.0;
				MTL_ENABLE_DEBUG_INFO = INCLUDE_SOURCE;
				MTL_FAST_MATH = YES;
				ONLY_ACTIVE_ARCH = YES;
				SDKROOT = macosx;
			};
			name = Debug;
		};
		09BD7DAD25271DBF007330E5 /* Release */ = {
			isa = XCBuildConfiguration;
			buildSettings = {
				ALWAYS_SEARCH_USER_PATHS = NO;
				CLANG_ANALYZER_NONNULL = YES;
				CLANG_ANALYZER_NUMBER_OBJECT_CONVERSION = YES_AGGRESSIVE;
				CLANG_CXX_LANGUAGE_STANDARD = "gnu++14";
				CLANG_CXX_LIBRARY = "libc++";
				CLANG_ENABLE_MODULES = YES;
				CLANG_ENABLE_OBJC_ARC = YES;
				CLANG_ENABLE_OBJC_WEAK = YES;
				CLANG_WARN_BLOCK_CAPTURE_AUTORELEASING = YES;
				CLANG_WARN_BOOL_CONVERSION = YES;
				CLANG_WARN_COMMA = YES;
				CLANG_WARN_CONSTANT_CONVERSION = YES;
				CLANG_WARN_DEPRECATED_OBJC_IMPLEMENTATIONS = YES;
				CLANG_WARN_DIRECT_OBJC_ISA_USAGE = YES_ERROR;
				CLANG_WARN_DOCUMENTATION_COMMENTS = YES;
				CLANG_WARN_EMPTY_BODY = YES;
				CLANG_WARN_ENUM_CONVERSION = YES;
				CLANG_WARN_INFINITE_RECURSION = YES;
				CLANG_WARN_INT_CONVERSION = YES;
				CLANG_WARN_NON_LITERAL_NULL_CONVERSION = YES;
				CLANG_WARN_OBJC_IMPLICIT_RETAIN_SELF = YES;
				CLANG_WARN_OBJC_LITERAL_CONVERSION = YES;
				CLANG_WARN_OBJC_ROOT_CLASS = YES_ERROR;
				CLANG_WARN_QUOTED_INCLUDE_IN_FRAMEWORK_HEADER = YES;
				CLANG_WARN_RANGE_LOOP_ANALYSIS = YES;
				CLANG_WARN_STRICT_PROTOTYPES = YES;
				CLANG_WARN_SUSPICIOUS_MOVE = YES;
				CLANG_WARN_UNGUARDED_AVAILABILITY = YES_AGGRESSIVE;
				CLANG_WARN_UNREACHABLE_CODE = YES;
				CLANG_WARN__DUPLICATE_METHOD_MATCH = YES;
				COPY_PHASE_STRIP = NO;
				DEBUG_INFORMATION_FORMAT = "dwarf-with-dsym";
				ENABLE_NS_ASSERTIONS = NO;
				ENABLE_STRICT_OBJC_MSGSEND = YES;
				GCC_C_LANGUAGE_STANDARD = gnu11;
				GCC_NO_COMMON_BLOCKS = YES;
				GCC_WARN_64_TO_32_BIT_CONVERSION = YES;
				GCC_WARN_ABOUT_RETURN_TYPE = YES_ERROR;
				GCC_WARN_UNDECLARED_SELECTOR = YES;
				GCC_WARN_UNINITIALIZED_AUTOS = YES_AGGRESSIVE;
				GCC_WARN_UNUSED_FUNCTION = YES;
				GCC_WARN_UNUSED_VARIABLE = YES;
				MACOSX_DEPLOYMENT_TARGET = 11.0;
				MTL_ENABLE_DEBUG_INFO = NO;
				MTL_FAST_MATH = YES;
				SDKROOT = macosx;
			};
			name = Release;
		};
		09BD7DAF25271DBF007330E5 /* Debug */ = {
			isa = XCBuildConfiguration;
			buildSettings = {
				ASSETCATALOG_COMPILER_APPICON_NAME = AppIcon;
				ASSETCATALOG_COMPILER_GLOBAL_ACCENT_COLOR_NAME = AccentColor;
				CODE_SIGN_ENTITLEMENTS = JLMaterialLayerDemo/JLMaterialLayerDemo.entitlements;
				CODE_SIGN_STYLE = Automatic;
				COMBINE_HIDPI_IMAGES = YES;
				DEVELOPMENT_TEAM = G9T88PYL48;
				ENABLE_HARDENED_RUNTIME = YES;
				INFOPLIST_FILE = JLMaterialLayerDemo/Info.plist;
				LD_RUNPATH_SEARCH_PATHS = (
					"$(inherited)",
					"@executable_path/../Frameworks",
				);
				MACOSX_DEPLOYMENT_TARGET = 10.13;
				PRODUCT_BUNDLE_IDENTIFIER = com.github.jslegendre.JLMaterialLayerDemo;
				PRODUCT_NAME = "$(TARGET_NAME)";
			};
			name = Debug;
		};
		09BD7DB025271DBF007330E5 /* Release */ = {
			isa = XCBuildConfiguration;
			buildSettings = {
				ASSETCATALOG_COMPILER_APPICON_NAME = AppIcon;
				ASSETCATALOG_COMPILER_GLOBAL_ACCENT_COLOR_NAME = AccentColor;
				CODE_SIGN_ENTITLEMENTS = JLMaterialLayerDemo/JLMaterialLayerDemo.entitlements;
				CODE_SIGN_STYLE = Automatic;
				COMBINE_HIDPI_IMAGES = YES;
				DEVELOPMENT_TEAM = G9T88PYL48;
				ENABLE_HARDENED_RUNTIME = YES;
				INFOPLIST_FILE = JLMaterialLayerDemo/Info.plist;
				LD_RUNPATH_SEARCH_PATHS = (
					"$(inherited)",
					"@executable_path/../Frameworks",
				);
				MACOSX_DEPLOYMENT_TARGET = 10.13;
				PRODUCT_BUNDLE_IDENTIFIER = com.github.jslegendre.JLMaterialLayerDemo;
				PRODUCT_NAME = "$(TARGET_NAME)";
			};
			name = Release;
		};
/* End XCBuildConfiguration section */

/* Begin XCConfigurationList section */
		09BD7D9825271DBD007330E5 /* Build configuration list for PBXProject "JLMaterialLayerDemo" */ = {
			isa = XCConfigurationList;
			buildConfigurations = (
				09BD7DAC25271DBF007330E5 /* Debug */,
				09BD7DAD25271DBF007330E5 /* Release */,
			);
			defaultConfigurationIsVisible = 0;
			defaultConfigurationName = Release;
		};
		09BD7DAE25271DBF007330E5 /* Build configuration list for PBXNativeTarget "JLMaterialLayerDemo" */ = {
			isa = XCConfigurationList;
			buildConfigurations = (
				09BD7DAF25271DBF007330E5 /* Debug */,
				09BD7DB025271DBF007330E5 /* Release */,
			);
			defaultConfigurationIsVisible = 0;
			defaultConfigurationName = Release;
		};
/* End XCConfigurationList section */
	};
	rootObject = 09BD7D9525271DBD007330E5 /* Project object */;
}
